
Microsoft Visual Studio Solution File, Format Version 12.00
# Visual Studio Version 17
VisualStudioVersion = 17.8.34330.188
MinimumVisualStudioVersion = 10.0.40219.1
Project("{FAE04EC0-301F-11D3-BF4B-00C04F79EFBC}") = "LabTOIB", "LabTOIB.csproj", "{C1C2AF08-D51E-422F-A6FF-ECE5CE5632C9}"
EndProject
Global
	GlobalSection(SolutionConfigurationPlatforms) = preSolution
		Debug|Any CPU = Debug|Any CPU
		Release|Any CPU = Release|Any CPU
	EndGlobalSection
	GlobalSection(ProjectConfigurationPlatforms) = postSolution
		{C1C2AF08-D51E-422F-A6FF-ECE5CE5632C9}.Debug|Any CPU.ActiveCfg = Debug|Any CPU
		{C1C2AF08-D51E-422F-A6FF-ECE5CE5632C9}.Debug|Any CPU.Build.0 = Debug|Any CPU
		{C1C2AF08-D51E-422F-A6FF-ECE5CE5632C9}.Release|Any CPU.ActiveCfg = Release|Any CPU
		{C1C2AF08-D51E-422F-A6FF-ECE5CE5632C9}.Release|Any CPU.Build.0 = Release|Any CPU
	EndGlobalSection
	GlobalSection(SolutionProperties) = preSolution
		HideSolutionNode = FALSE
	EndGlobalSection
	GlobalSection(ExtensibilityGlobals) = postSolution
		SolutionGuid = {316228ED-43A7-44B9-B962-7CF52C804250}
	EndGlobalSection
EndGlobal
